
Microsoft Visual Studio Solution File, Format Version 12.00
# Visual Studio 15
VisualStudioVersion = 15.0.28307.421
MinimumVisualStudioVersion = 10.0.40219.1
Project("{FAE04EC0-301F-11D3-BF4B-00C04F79EFBC}") = "KeyVaultSample", "KeyVaultSample\KeyVaultSample.csproj", "{B3A9F679-A4F1-4664-ABD2-52E45FC8872A}"
EndProject
Global
	GlobalSection(SolutionConfigurationPlatforms) = preSolution
		Debug|Any CPU = Debug|Any CPU
		Release|Any CPU = Release|Any CPU
	EndGlobalSection
	GlobalSection(ProjectConfigurationPlatforms) = postSolution
		{B3A9F679-A4F1-4664-ABD2-52E45FC8872A}.Debug|Any CPU.ActiveCfg = Debug|Any CPU
		{B3A9F679-A4F1-4664-ABD2-52E45FC8872A}.Debug|Any CPU.Build.0 = Debug|Any CPU
		{B3A9F679-A4F1-4664-ABD2-52E45FC8872A}.Release|Any CPU.ActiveCfg = Release|Any CPU
		{B3A9F679-A4F1-4664-ABD2-52E45FC8872A}.Release|Any CPU.Build.0 = Release|Any CPU
	EndGlobalSection
	GlobalSection(SolutionProperties) = preSolution
		HideSolutionNode = FALSE
	EndGlobalSection
	GlobalSection(ExtensibilityGlobals) = postSolution
		SolutionGuid = {2D967080-D68A-4A8C-8676-68286C3D3F36}
	EndGlobalSection
EndGlobal
